
Microsoft Visual Studio Solution File, Format Version 12.00
# Visual Studio 14
VisualStudioVersion = 14.0.25420.1
MinimumVisualStudioVersion = 10.0.40219.1
Project("{FAE04EC0-301F-11D3-BF4B-00C04F79EFBC}") = "HelloClassroom", "HelloClassroom\HelloClassroom.csproj", "{C79F9121-A2B2-4373-B919-E91C91540789}"
EndProject
Project("{FAE04EC0-301F-11D3-BF4B-00C04F79EFBC}") = "HelloClassroomIoT", "IoTCore\HelloClassroomIoT.csproj", "{FDF8E89F-F245-4D46-BC43-2D1B4D017EF8}"
EndProject
Global
	GlobalSection(SolutionConfigurationPlatforms) = preSolution
		Debug|Any CPU = Debug|Any CPU
		Debug|ARM = Debug|ARM
		Debug|x64 = Debug|x64
		Debug|x86 = Debug|x86
		Release|Any CPU = Release|Any CPU
		Release|ARM = Release|ARM
		Release|x64 = Release|x64
		Release|x86 = Release|x86
	EndGlobalSection
	GlobalSection(ProjectConfigurationPlatforms) = postSolution
		{C79F9121-A2B2-4373-B919-E91C91540789}.Debug|Any CPU.ActiveCfg = Debug|Any CPU
		{C79F9121-A2B2-4373-B919-E91C91540789}.Debug|Any CPU.Build.0 = Debug|Any CPU
		{C79F9121-A2B2-4373-B919-E91C91540789}.Debug|ARM.ActiveCfg = Debug|Any CPU
		{C79F9121-A2B2-4373-B919-E91C91540789}.Debug|ARM.Build.0 = Debug|Any CPU
		{C79F9121-A2B2-4373-B919-E91C91540789}.Debug|x64.ActiveCfg = Debug|Any CPU
		{C79F9121-A2B2-4373-B919-E91C91540789}.Debug|x64.Build.0 = Debug|Any CPU
		{C79F9121-A2B2-4373-B919-E91C91540789}.Debug|x86.ActiveCfg = Debug|Any CPU
		{C79F9121-A2B2-4373-B919-E91C91540789}.Debug|x86.Build.0 = Debug|Any CPU
		{C79F9121-A2B2-4373-B919-E91C91540789}.Release|Any CPU.ActiveCfg = Release|Any CPU
		{C79F9121-A2B2-4373-B919-E91C91540789}.Release|Any CPU.Build.0 = Release|Any CPU
		{C79F9121-A2B2-4373-B919-E91C91540789}.Release|ARM.ActiveCfg = Release|Any CPU
		{C79F9121-A2B2-4373-B919-E91C91540789}.Release|ARM.Build.0 = Release|Any CPU
		{C79F9121-A2B2-4373-B919-E91C91540789}.Release|x64.ActiveCfg = Release|Any CPU
		{C79F9121-A2B2-4373-B919-E91C91540789}.Release|x64.Build.0 = Release|Any CPU
		{C79F9121-A2B2-4373-B919-E91C91540789}.Release|x86.ActiveCfg = Release|Any CPU
		{C79F9121-A2B2-4373-B919-E91C91540789}.Release|x86.Build.0 = Release|Any CPU
		{FDF8E89F-F245-4D46-BC43-2D1B4D017EF8}.Debug|Any CPU.ActiveCfg = Debug|x86
		{FDF8E89F-F245-4D46-BC43-2D1B4D017EF8}.Debug|ARM.ActiveCfg = Debug|ARM
		{FDF8E89F-F245-4D46-BC43-2D1B4D017EF8}.Debug|ARM.Build.0 = Debug|ARM
		{FDF8E89F-F245-4D46-BC43-2D1B4D017EF8}.Debug|ARM.Deploy.0 = Debug|ARM
		{FDF8E89F-F245-4D46-BC43-2D1B4D017EF8}.Debug|x64.ActiveCfg = Debug|x64
		{FDF8E89F-F245-4D46-BC43-2D1B4D017EF8}.Debug|x64.Build.0 = Debug|x64
		{FDF8E89F-F245-4D46-BC43-2D1B4D017EF8}.Debug|x64.Deploy.0 = Debug|x64
		{FDF8E89F-F245-4D46-BC43-2D1B4D017EF8}.Debug|x86.ActiveCfg = Debug|x86
		{FDF8E89F-F245-4D46-BC43-2D1B4D017EF8}.Debug|x86.Build.0 = Debug|x86
		{FDF8E89F-F245-4D46-BC43-2D1B4D017EF8}.Debug|x86.Deploy.0 = Debug|x86
		{FDF8E89F-F245-4D46-BC43-2D1B4D017EF8}.Release|Any CPU.ActiveCfg = Release|x86
		{FDF8E89F-F245-4D46-BC43-2D1B4D017EF8}.Release|ARM.ActiveCfg = Release|ARM
		{FDF8E89F-F245-4D46-BC43-2D1B4D017EF8}.Release|ARM.Build.0 = Release|ARM
		{FDF8E89F-F245-4D46-BC43-2D1B4D017EF8}.Release|ARM.Deploy.0 = Release|ARM
		{FDF8E89F-F245-4D46-BC43-2D1B4D017EF8}.Release|x64.ActiveCfg = Release|x64
		{FDF8E89F-F245-4D46-BC43-2D1B4D017EF8}.Release|x64.Build.0 = Release|x64
		{FDF8E89F-F245-4D46-BC43-2D1B4D017EF8}.Release|x64.Deploy.0 = Release|x64
		{FDF8E89F-F245-4D46-BC43-2D1B4D017EF8}.Release|x86.ActiveCfg = Release|x86
		{FDF8E89F-F245-4D46-BC43-2D1B4D017EF8}.Release|x86.Build.0 = Release|x86
		{FDF8E89F-F245-4D46-BC43-2D1B4D017EF8}.Release|x86.Deploy.0 = Release|x86
	EndGlobalSection
	GlobalSection(SolutionProperties) = preSolution
		HideSolutionNode = FALSE
	EndGlobalSection
EndGlobal
