
Microsoft Visual Studio Solution File, Format Version 12.00
# Visual Studio 14
VisualStudioVersion = 14.0.25420.1
MinimumVisualStudioVersion = 10.0.40219.1
Project("{FAE04EC0-301F-11D3-BF4B-00C04F79EFBC}") = "HelloClassroom", "HelloClassroom\HelloClassroom.csproj", "{C79F9121-A2B2-4373-B919-E91C91540789}"
EndProject
Project("{FAE04EC0-301F-11D3-BF4B-00C04F79EFBC}") = "DeviceCredentialManager", "DeviceCredentialManager\DeviceCredentialManager.csproj", "{F83C5E8A-C0EB-496D-8285-820E42ED9748}"
EndProject
Global
	GlobalSection(SolutionConfigurationPlatforms) = preSolution
		Debug|Any CPU = Debug|Any CPU
		Release|Any CPU = Release|Any CPU
	EndGlobalSection
	GlobalSection(ProjectConfigurationPlatforms) = postSolution
		{C79F9121-A2B2-4373-B919-E91C91540789}.Debug|Any CPU.ActiveCfg = Debug|Any CPU
		{C79F9121-A2B2-4373-B919-E91C91540789}.Debug|Any CPU.Build.0 = Debug|Any CPU
		{C79F9121-A2B2-4373-B919-E91C91540789}.Release|Any CPU.ActiveCfg = Release|Any CPU
		{C79F9121-A2B2-4373-B919-E91C91540789}.Release|Any CPU.Build.0 = Release|Any CPU
		{F83C5E8A-C0EB-496D-8285-820E42ED9748}.Debug|Any CPU.ActiveCfg = Debug|Any CPU
		{F83C5E8A-C0EB-496D-8285-820E42ED9748}.Debug|Any CPU.Build.0 = Debug|Any CPU
		{F83C5E8A-C0EB-496D-8285-820E42ED9748}.Release|Any CPU.ActiveCfg = Release|Any CPU
		{F83C5E8A-C0EB-496D-8285-820E42ED9748}.Release|Any CPU.Build.0 = Release|Any CPU
	EndGlobalSection
	GlobalSection(SolutionProperties) = preSolution
		HideSolutionNode = FALSE
	EndGlobalSection
EndGlobal
